
Microsoft Visual Studio Solution File, Format Version 12.00
# Visual Studio Version 17
VisualStudioVersion = 17.1.32210.238
MinimumVisualStudioVersion = 10.0.40219.1
Project("{9A19103F-16F7-4668-BE54-9A1E7A4F7556}") = "KedaExemplo", "KedaExemplo\KedaExemplo.csproj", "{B4506594-F192-4065-BC34-6200D6F00419}"
EndProject
Project("{FAE04EC0-301F-11D3-BF4B-00C04F79EFBC}") = "KedaExemploSend", "KedaExemploSend\KedaExemploSend.csproj", "{7B78521E-426C-438B-8C7C-CCB58D3D45EC}"
EndProject
Global
	GlobalSection(SolutionConfigurationPlatforms) = preSolution
		Debug|Any CPU = Debug|Any CPU
		Release|Any CPU = Release|Any CPU
	EndGlobalSection
	GlobalSection(ProjectConfigurationPlatforms) = postSolution
		{B4506594-F192-4065-BC34-6200D6F00419}.Debug|Any CPU.ActiveCfg = Debug|Any CPU
		{B4506594-F192-4065-BC34-6200D6F00419}.Debug|Any CPU.Build.0 = Debug|Any CPU
		{B4506594-F192-4065-BC34-6200D6F00419}.Release|Any CPU.ActiveCfg = Release|Any CPU
		{B4506594-F192-4065-BC34-6200D6F00419}.Release|Any CPU.Build.0 = Release|Any CPU
		{7B78521E-426C-438B-8C7C-CCB58D3D45EC}.Debug|Any CPU.ActiveCfg = Debug|Any CPU
		{7B78521E-426C-438B-8C7C-CCB58D3D45EC}.Debug|Any CPU.Build.0 = Debug|Any CPU
		{7B78521E-426C-438B-8C7C-CCB58D3D45EC}.Release|Any CPU.ActiveCfg = Release|Any CPU
		{7B78521E-426C-438B-8C7C-CCB58D3D45EC}.Release|Any CPU.Build.0 = Release|Any CPU
	EndGlobalSection
	GlobalSection(SolutionProperties) = preSolution
		HideSolutionNode = FALSE
	EndGlobalSection
	GlobalSection(ExtensibilityGlobals) = postSolution
		SolutionGuid = {9420868F-D6C4-4A9F-9184-12293303A19D}
	EndGlobalSection
EndGlobal
